<?xml version="1.0" encoding="utf-8"?>
<Project ToolsVersion="4.0" xmlns="http://schemas.microsoft.com/developer/msbuild/2003">
  <ItemGroup>
    <Filter Include="Source Files">
      <UniqueIdentifier>{4FC737F1-C7A5-4376-A066-2A32D752A2FF}</UniqueIdentifier>
      <Extensions>cpp;c;cc;cxx;def;odl;idl;hpj;bat;asm;asmx</Extensions>
    </Filter>
    <Filter Include="Header Files">
      <UniqueIdentifier>{93995380-89BD-4b04-88EB-625FBE52EBFB}</UniqueIdentifier>
      <Extensions>h;hh;hpp;hxx;hm;inl;inc;xsd</Extensions>
    </Filter>
    <Filter Include="Test_function">
      <UniqueIdentifier>{ad3f37b0-f607-4472-bed8-c0d4d3b2da74}</UniqueIdentifier>
    </Filter>
    <Filter Include="Protocol">
      <UniqueIdentifier>{fd2c7ec2-5587-4bd6-bd54-a03cbd4c85ac}</UniqueIdentifier>
    </Filter>
  </ItemGroup>
  <ItemGroup>
    <Text Include="ReadMe.txt" />
  </ItemGroup>
  <ItemGroup>
    <ClInclude Include="MainCPMgr.h">
      <Filter>Header Files</Filter>
    </ClInclude>
    <ClInclude Include="NanoServerImp.h">
      <Filter>Header Files</Filter>
    </ClInclude>
    <ClInclude Include="Communication.h">
      <Filter>Header Files</Filter>
    </ClInclude>
    <ClInclude Include="ServiceHandle.h">
      <Filter>Header Files</Filter>
    </ClInclude>
    <ClInclude Include="BaseDefine.h">
      <Filter>Header Files</Filter>
    </ClInclude>
    <ClInclude Include="db_plugin.h">
      <Filter>Header Files</Filter>
    </ClInclude>
    <ClInclude Include="mongoose.h">
      <Filter>Header Files</Filter>
    </ClInclude>
    <ClInclude Include="sqlite3.h">
      <Filter>Header Files</Filter>
    </ClInclude>
    <ClInclude Include="webServerHandle.h">
      <Filter>Header Files</Filter>
    </ClInclude>
    <ClInclude Include="Test_http_get_post_libcurl.hpp">
      <Filter>Test_function</Filter>
    </ClInclude>
    <ClInclude Include="Test_http_get_post_beast.hpp">
      <Filter>Test_function</Filter>
    </ClInclude>
    <ClInclude Include="Test_http_get_json_winhttp.hpp">
      <Filter>Test_function</Filter>
    </ClInclude>
    <ClInclude Include="NngServerImp.h">
      <Filter>Header Files</Filter>
    </ClInclude>
    <ClInclude Include="process.hpp">
      <Filter>Header Files</Filter>
    </ClInclude>
    <ClInclude Include="Test_nng_reqrep.hpp">
      <Filter>Test_function</Filter>
    </ClInclude>
    <ClInclude Include="test_tinyProcessLibrary.h">
      <Filter>Test_function</Filter>
    </ClInclude>
    <ClInclude Include="UvServerImp.h">
      <Filter>Header Files</Filter>
    </ClInclude>
    <ClInclude Include="uvPacketStruct.h">
      <Filter>Protocol</Filter>
    </ClInclude>
  </ItemGroup>
  <ItemGroup>
    <ClCompile Include="Main.cpp">
      <Filter>Source Files</Filter>
    </ClCompile>
    <ClCompile Include="MainCPMgr.cpp">
      <Filter>Source Files</Filter>
    </ClCompile>
    <ClCompile Include="NanoServerImp.cpp">
      <Filter>Source Files</Filter>
    </ClCompile>
    <ClCompile Include="ServiceHandle.cpp">
      <Filter>Source Files</Filter>
    </ClCompile>
    <ClCompile Include="db_plugin_sqlite.c">
      <Filter>Source Files</Filter>
    </ClCompile>
    <ClCompile Include="mongoose.c">
      <Filter>Source Files</Filter>
    </ClCompile>
    <ClCompile Include="sqlite3.c">
      <Filter>Source Files</Filter>
    </ClCompile>
    <ClCompile Include="NngServerImp.cpp">
      <Filter>Source Files</Filter>
    </ClCompile>
    <ClCompile Include="process.cpp">
      <Filter>Source Files</Filter>
    </ClCompile>
    <ClCompile Include="process_win.cpp">
      <Filter>Source Files</Filter>
    </ClCompile>
    <ClCompile Include="UvServerImp.cpp">
      <Filter>Source Files</Filter>
    </ClCompile>
  </ItemGroup>
</Project>